
Microsoft Visual Studio Solution File, Format Version 12.00
# Visual Studio Version 17
VisualStudioVersion = 17.4.33205.214
MinimumVisualStudioVersion = 10.0.40219.1
Project("{FAE04EC0-301F-11D3-BF4B-00C04F79EFBC}") = "ChattR", "ChattR\ChattR.csproj", "{E0F4F98A-BE19-4647-85A1-F964AE14DAFC}"
EndProject
Global
	GlobalSection(SolutionConfigurationPlatforms) = preSolution
		Debug|Any CPU = Debug|Any CPU
		Release|Any CPU = Release|Any CPU
	EndGlobalSection
	GlobalSection(ProjectConfigurationPlatforms) = postSolution
		{E0F4F98A-BE19-4647-85A1-F964AE14DAFC}.Debug|Any CPU.ActiveCfg = Debug|Any CPU
		{E0F4F98A-BE19-4647-85A1-F964AE14DAFC}.Debug|Any CPU.Build.0 = Debug|Any CPU
		{E0F4F98A-BE19-4647-85A1-F964AE14DAFC}.Release|Any CPU.ActiveCfg = Release|Any CPU
		{E0F4F98A-BE19-4647-85A1-F964AE14DAFC}.Release|Any CPU.Build.0 = Release|Any CPU
	EndGlobalSection
	GlobalSection(SolutionProperties) = preSolution
		HideSolutionNode = FALSE
	EndGlobalSection
	GlobalSection(ExtensibilityGlobals) = postSolution
		SolutionGuid = {4030DDD4-9A3E-4B29-BA94-FC14E4EFA1E0}
	EndGlobalSection
EndGlobal
